
Microsoft Visual Studio Solution File, Format Version 12.00
# Visual Studio Version 16
VisualStudioVersion = 16.0.30717.126
MinimumVisualStudioVersion = 10.0.40219.1
Project("{FAE04EC0-301F-11D3-BF4B-00C04F79EFBC}") = "Common", "Common\Common.csproj", "{40E5EABB-6200-4CC5-81BC-55EFF7B3424E}"
EndProject
Project("{FAE04EC0-301F-11D3-BF4B-00C04F79EFBC}") = "Client", "ClientSocket\Client.csproj", "{7163832A-6A0C-4772-89D8-B23EF9F63406}"
EndProject
Project("{FAE04EC0-301F-11D3-BF4B-00C04F79EFBC}") = "SICKLMS", "SICKLMS\SICKLMS.csproj", "{8FF6FE56-84A6-4189-8C90-37A9AC3E0973}"
EndProject
Global
	GlobalSection(SolutionConfigurationPlatforms) = preSolution
		Debug|Any CPU = Debug|Any CPU
		Release|Any CPU = Release|Any CPU
	EndGlobalSection
	GlobalSection(ProjectConfigurationPlatforms) = postSolution
		{40E5EABB-6200-4CC5-81BC-55EFF7B3424E}.Debug|Any CPU.ActiveCfg = Debug|Any CPU
		{40E5EABB-6200-4CC5-81BC-55EFF7B3424E}.Debug|Any CPU.Build.0 = Debug|Any CPU
		{40E5EABB-6200-4CC5-81BC-55EFF7B3424E}.Release|Any CPU.ActiveCfg = Release|Any CPU
		{40E5EABB-6200-4CC5-81BC-55EFF7B3424E}.Release|Any CPU.Build.0 = Release|Any CPU
		{7163832A-6A0C-4772-89D8-B23EF9F63406}.Debug|Any CPU.ActiveCfg = Debug|Any CPU
		{7163832A-6A0C-4772-89D8-B23EF9F63406}.Debug|Any CPU.Build.0 = Debug|Any CPU
		{7163832A-6A0C-4772-89D8-B23EF9F63406}.Release|Any CPU.ActiveCfg = Release|Any CPU
		{7163832A-6A0C-4772-89D8-B23EF9F63406}.Release|Any CPU.Build.0 = Release|Any CPU
		{8FF6FE56-84A6-4189-8C90-37A9AC3E0973}.Debug|Any CPU.ActiveCfg = Debug|Any CPU
		{8FF6FE56-84A6-4189-8C90-37A9AC3E0973}.Debug|Any CPU.Build.0 = Debug|Any CPU
		{8FF6FE56-84A6-4189-8C90-37A9AC3E0973}.Release|Any CPU.ActiveCfg = Release|Any CPU
		{8FF6FE56-84A6-4189-8C90-37A9AC3E0973}.Release|Any CPU.Build.0 = Release|Any CPU
	EndGlobalSection
	GlobalSection(SolutionProperties) = preSolution
		HideSolutionNode = FALSE
	EndGlobalSection
	GlobalSection(ExtensibilityGlobals) = postSolution
		SolutionGuid = {817892FB-6EB1-47DE-A246-22B16B26608B}
	EndGlobalSection
EndGlobal
